
Microsoft Visual Studio Solution File, Format Version 12.00
# Visual Studio 15
VisualStudioVersion = 15.0.28307.572
MinimumVisualStudioVersion = 10.0.40219.1
Project("{FAE04EC0-301F-11D3-BF4B-00C04F79EFBC}") = "BookStore.Model", "BookStore.Model\BookStore.Model.csproj", "{D4917678-4F8C-4553-8CB4-EEA64D6AEC39}"
EndProject
Project("{FAE04EC0-301F-11D3-BF4B-00C04F79EFBC}") = "BookStore.DAL", "BookStore.DAL\BookStore.DAL.csproj", "{811D6E95-E623-4CE4-B35B-8736D1EB1C33}"
EndProject
Project("{FAE04EC0-301F-11D3-BF4B-00C04F79EFBC}") = "BookStore.UI", "BookStore.UI\BookStore.UI.csproj", "{C2E2C296-0B5F-473F-9B8C-290C4FDC66DC}"
EndProject
Global
	GlobalSection(SolutionConfigurationPlatforms) = preSolution
		Debug|Any CPU = Debug|Any CPU
		Release|Any CPU = Release|Any CPU
	EndGlobalSection
	GlobalSection(ProjectConfigurationPlatforms) = postSolution
		{D4917678-4F8C-4553-8CB4-EEA64D6AEC39}.Debug|Any CPU.ActiveCfg = Debug|Any CPU
		{D4917678-4F8C-4553-8CB4-EEA64D6AEC39}.Debug|Any CPU.Build.0 = Debug|Any CPU
		{D4917678-4F8C-4553-8CB4-EEA64D6AEC39}.Release|Any CPU.ActiveCfg = Release|Any CPU
		{D4917678-4F8C-4553-8CB4-EEA64D6AEC39}.Release|Any CPU.Build.0 = Release|Any CPU
		{811D6E95-E623-4CE4-B35B-8736D1EB1C33}.Debug|Any CPU.ActiveCfg = Debug|Any CPU
		{811D6E95-E623-4CE4-B35B-8736D1EB1C33}.Debug|Any CPU.Build.0 = Debug|Any CPU
		{811D6E95-E623-4CE4-B35B-8736D1EB1C33}.Release|Any CPU.ActiveCfg = Release|Any CPU
		{811D6E95-E623-4CE4-B35B-8736D1EB1C33}.Release|Any CPU.Build.0 = Release|Any CPU
		{C2E2C296-0B5F-473F-9B8C-290C4FDC66DC}.Debug|Any CPU.ActiveCfg = Debug|Any CPU
		{C2E2C296-0B5F-473F-9B8C-290C4FDC66DC}.Debug|Any CPU.Build.0 = Debug|Any CPU
		{C2E2C296-0B5F-473F-9B8C-290C4FDC66DC}.Release|Any CPU.ActiveCfg = Release|Any CPU
		{C2E2C296-0B5F-473F-9B8C-290C4FDC66DC}.Release|Any CPU.Build.0 = Release|Any CPU
	EndGlobalSection
	GlobalSection(SolutionProperties) = preSolution
		HideSolutionNode = FALSE
	EndGlobalSection
	GlobalSection(ExtensibilityGlobals) = postSolution
		SolutionGuid = {791657CE-43D0-49FC-A1E1-A0626DE2A37E}
	EndGlobalSection
EndGlobal
